
Microsoft Visual Studio Solution File, Format Version 12.00
# Visual Studio Version 17
VisualStudioVersion = 17.4.33110.190
MinimumVisualStudioVersion = 10.0.40219.1
Project("{2150E333-8FDC-42A3-9474-1A3956D46DE8}") = "src", "src", "{FF0560F0-A7CB-4005-91FD-DF99892AD43D}"
EndProject
Project("{9A19103F-16F7-4668-BE54-9A1E7A4F7556}") = "Store.Infrastructure", "src\Store.Infrastructure\Store.Infrastructure.csproj", "{492CF113-343B-4A66-8F79-DF5F26275809}"
EndProject
Project("{2150E333-8FDC-42A3-9474-1A3956D46DE8}") = "Core", "Core", "{F2AC5DF9-B128-4149-8642-74867FC78D6E}"
EndProject
Project("{9A19103F-16F7-4668-BE54-9A1E7A4F7556}") = "Store.Application", "src\Core\Store.Application\Store.Application.csproj", "{67FA4481-05DA-42CA-A795-2A6CF19A5025}"
EndProject
Project("{9A19103F-16F7-4668-BE54-9A1E7A4F7556}") = "Store.Domain", "src\Core\Store.Domain\Store.Domain.csproj", "{1DAD913B-C652-422C-B0E5-6B5910573C75}"
EndProject
Project("{9A19103F-16F7-4668-BE54-9A1E7A4F7556}") = "Store.Persistence", "src\Store.Persistence\Store.Persistence.csproj", "{F181356F-75B9-4E38-87EF-D21D07A0BA4F}"
EndProject
Project("{2150E333-8FDC-42A3-9474-1A3956D46DE8}") = "Services", "Services", "{3A4A31B5-A508-4DB5-A865-A44C265189D1}"
EndProject
Project("{9A19103F-16F7-4668-BE54-9A1E7A4F7556}") = "Store.Identity.API", "src\Services\Store.Identity.API\Store.Identity.API.csproj", "{00FD37C0-906C-4150-BAED-4A5402E4930D}"
EndProject
Project("{9A19103F-16F7-4668-BE54-9A1E7A4F7556}") = "Store.Account.API", "src\Services\Store.Account.API\Store.Account.API.csproj", "{5D41D3BB-D351-42AE-8A0A-69A013DA5D0F}"
EndProject
Project("{9A19103F-16F7-4668-BE54-9A1E7A4F7556}") = "Store.Basket.API", "src\Services\Store.Basket.API\Store.Basket.API.csproj", "{C7F7F5C9-8C8F-4A24-9170-20DFA7F2C524}"
EndProject
Project("{9A19103F-16F7-4668-BE54-9A1E7A4F7556}") = "Store.Comment.API", "src\Services\Store.Comment.API\Store.Comment.API.csproj", "{EE7A6161-4152-4587-8AF3-7C72D2FE117D}"
EndProject
Project("{9A19103F-16F7-4668-BE54-9A1E7A4F7556}") = "Store.Rating.API", "src\Services\Store.Rating.API\Store.Rating.API.csproj", "{C7143CD8-D82D-4F5C-AABB-77F1A1FEAD63}"
EndProject
Project("{9A19103F-16F7-4668-BE54-9A1E7A4F7556}") = "Store.Search.API", "src\Services\Store.Search.API\Store.Search.API.csproj", "{0E57EE34-4EB8-4411-955D-E8EA87E69CF4}"
EndProject
Project("{9A19103F-16F7-4668-BE54-9A1E7A4F7556}") = "Store.Favorite.API", "src\Services\Store.Favorite.API\Store.Favorite.API.csproj", "{58D52E2F-9E8C-447D-80E7-22788B00D084}"
EndProject
Project("{FAE04EC0-301F-11D3-BF4B-00C04F79EFBC}") = "Store.FileStorage.API", "src\Services\Store.FileStorage.API\Store.FileStorage.API.csproj", "{10180758-2C47-43D4-BF1B-87B24DBA2A04}"
EndProject
Project("{FAE04EC0-301F-11D3-BF4B-00C04F79EFBC}") = "Store.Order.API", "src\Services\Store.Order.API\Store.Order.API.csproj", "{BD393B77-9337-49EB-BBD2-3D72FBD383BF}"
EndProject
Project("{FAE04EC0-301F-11D3-BF4B-00C04F79EFBC}") = "Store.Product.API", "src\Services\Store.Product.API\Store.Product.API.csproj", "{B825E8E2-6357-4D60-931A-A2ABA951BBA0}"
EndProject
Global
	GlobalSection(SolutionConfigurationPlatforms) = preSolution
		Debug|Any CPU = Debug|Any CPU
		Release|Any CPU = Release|Any CPU
	EndGlobalSection
	GlobalSection(ProjectConfigurationPlatforms) = postSolution
		{492CF113-343B-4A66-8F79-DF5F26275809}.Debug|Any CPU.ActiveCfg = Debug|Any CPU
		{492CF113-343B-4A66-8F79-DF5F26275809}.Debug|Any CPU.Build.0 = Debug|Any CPU
		{492CF113-343B-4A66-8F79-DF5F26275809}.Release|Any CPU.ActiveCfg = Release|Any CPU
		{492CF113-343B-4A66-8F79-DF5F26275809}.Release|Any CPU.Build.0 = Release|Any CPU
		{67FA4481-05DA-42CA-A795-2A6CF19A5025}.Debug|Any CPU.ActiveCfg = Debug|Any CPU
		{67FA4481-05DA-42CA-A795-2A6CF19A5025}.Debug|Any CPU.Build.0 = Debug|Any CPU
		{67FA4481-05DA-42CA-A795-2A6CF19A5025}.Release|Any CPU.ActiveCfg = Release|Any CPU
		{67FA4481-05DA-42CA-A795-2A6CF19A5025}.Release|Any CPU.Build.0 = Release|Any CPU
		{1DAD913B-C652-422C-B0E5-6B5910573C75}.Debug|Any CPU.ActiveCfg = Debug|Any CPU
		{1DAD913B-C652-422C-B0E5-6B5910573C75}.Debug|Any CPU.Build.0 = Debug|Any CPU
		{1DAD913B-C652-422C-B0E5-6B5910573C75}.Release|Any CPU.ActiveCfg = Release|Any CPU
		{1DAD913B-C652-422C-B0E5-6B5910573C75}.Release|Any CPU.Build.0 = Release|Any CPU
		{F181356F-75B9-4E38-87EF-D21D07A0BA4F}.Debug|Any CPU.ActiveCfg = Debug|Any CPU
		{F181356F-75B9-4E38-87EF-D21D07A0BA4F}.Debug|Any CPU.Build.0 = Debug|Any CPU
		{F181356F-75B9-4E38-87EF-D21D07A0BA4F}.Release|Any CPU.ActiveCfg = Release|Any CPU
		{F181356F-75B9-4E38-87EF-D21D07A0BA4F}.Release|Any CPU.Build.0 = Release|Any CPU
		{00FD37C0-906C-4150-BAED-4A5402E4930D}.Debug|Any CPU.ActiveCfg = Debug|Any CPU
		{00FD37C0-906C-4150-BAED-4A5402E4930D}.Debug|Any CPU.Build.0 = Debug|Any CPU
		{00FD37C0-906C-4150-BAED-4A5402E4930D}.Release|Any CPU.ActiveCfg = Release|Any CPU
		{00FD37C0-906C-4150-BAED-4A5402E4930D}.Release|Any CPU.Build.0 = Release|Any CPU
		{5D41D3BB-D351-42AE-8A0A-69A013DA5D0F}.Debug|Any CPU.ActiveCfg = Debug|Any CPU
		{5D41D3BB-D351-42AE-8A0A-69A013DA5D0F}.Debug|Any CPU.Build.0 = Debug|Any CPU
		{5D41D3BB-D351-42AE-8A0A-69A013DA5D0F}.Release|Any CPU.ActiveCfg = Release|Any CPU
		{5D41D3BB-D351-42AE-8A0A-69A013DA5D0F}.Release|Any CPU.Build.0 = Release|Any CPU
		{C7F7F5C9-8C8F-4A24-9170-20DFA7F2C524}.Debug|Any CPU.ActiveCfg = Debug|Any CPU
		{C7F7F5C9-8C8F-4A24-9170-20DFA7F2C524}.Debug|Any CPU.Build.0 = Debug|Any CPU
		{C7F7F5C9-8C8F-4A24-9170-20DFA7F2C524}.Release|Any CPU.ActiveCfg = Release|Any CPU
		{C7F7F5C9-8C8F-4A24-9170-20DFA7F2C524}.Release|Any CPU.Build.0 = Release|Any CPU
		{EE7A6161-4152-4587-8AF3-7C72D2FE117D}.Debug|Any CPU.ActiveCfg = Debug|Any CPU
		{EE7A6161-4152-4587-8AF3-7C72D2FE117D}.Debug|Any CPU.Build.0 = Debug|Any CPU
		{EE7A6161-4152-4587-8AF3-7C72D2FE117D}.Release|Any CPU.ActiveCfg = Release|Any CPU
		{EE7A6161-4152-4587-8AF3-7C72D2FE117D}.Release|Any CPU.Build.0 = Release|Any CPU
		{C7143CD8-D82D-4F5C-AABB-77F1A1FEAD63}.Debug|Any CPU.ActiveCfg = Debug|Any CPU
		{C7143CD8-D82D-4F5C-AABB-77F1A1FEAD63}.Debug|Any CPU.Build.0 = Debug|Any CPU
		{C7143CD8-D82D-4F5C-AABB-77F1A1FEAD63}.Release|Any CPU.ActiveCfg = Release|Any CPU
		{C7143CD8-D82D-4F5C-AABB-77F1A1FEAD63}.Release|Any CPU.Build.0 = Release|Any CPU
		{0E57EE34-4EB8-4411-955D-E8EA87E69CF4}.Debug|Any CPU.ActiveCfg = Debug|Any CPU
		{0E57EE34-4EB8-4411-955D-E8EA87E69CF4}.Debug|Any CPU.Build.0 = Debug|Any CPU
		{0E57EE34-4EB8-4411-955D-E8EA87E69CF4}.Release|Any CPU.ActiveCfg = Release|Any CPU
		{0E57EE34-4EB8-4411-955D-E8EA87E69CF4}.Release|Any CPU.Build.0 = Release|Any CPU
		{58D52E2F-9E8C-447D-80E7-22788B00D084}.Debug|Any CPU.ActiveCfg = Debug|Any CPU
		{58D52E2F-9E8C-447D-80E7-22788B00D084}.Debug|Any CPU.Build.0 = Debug|Any CPU
		{58D52E2F-9E8C-447D-80E7-22788B00D084}.Release|Any CPU.ActiveCfg = Release|Any CPU
		{58D52E2F-9E8C-447D-80E7-22788B00D084}.Release|Any CPU.Build.0 = Release|Any CPU
		{10180758-2C47-43D4-BF1B-87B24DBA2A04}.Debug|Any CPU.ActiveCfg = Debug|Any CPU
		{10180758-2C47-43D4-BF1B-87B24DBA2A04}.Debug|Any CPU.Build.0 = Debug|Any CPU
		{10180758-2C47-43D4-BF1B-87B24DBA2A04}.Release|Any CPU.ActiveCfg = Release|Any CPU
		{10180758-2C47-43D4-BF1B-87B24DBA2A04}.Release|Any CPU.Build.0 = Release|Any CPU
		{BD393B77-9337-49EB-BBD2-3D72FBD383BF}.Debug|Any CPU.ActiveCfg = Debug|Any CPU
		{BD393B77-9337-49EB-BBD2-3D72FBD383BF}.Debug|Any CPU.Build.0 = Debug|Any CPU
		{BD393B77-9337-49EB-BBD2-3D72FBD383BF}.Release|Any CPU.ActiveCfg = Release|Any CPU
		{BD393B77-9337-49EB-BBD2-3D72FBD383BF}.Release|Any CPU.Build.0 = Release|Any CPU
		{B825E8E2-6357-4D60-931A-A2ABA951BBA0}.Debug|Any CPU.ActiveCfg = Debug|Any CPU
		{B825E8E2-6357-4D60-931A-A2ABA951BBA0}.Debug|Any CPU.Build.0 = Debug|Any CPU
		{B825E8E2-6357-4D60-931A-A2ABA951BBA0}.Release|Any CPU.ActiveCfg = Release|Any CPU
		{B825E8E2-6357-4D60-931A-A2ABA951BBA0}.Release|Any CPU.Build.0 = Release|Any CPU
	EndGlobalSection
	GlobalSection(SolutionProperties) = preSolution
		HideSolutionNode = FALSE
	EndGlobalSection
	GlobalSection(NestedProjects) = preSolution
		{492CF113-343B-4A66-8F79-DF5F26275809} = {FF0560F0-A7CB-4005-91FD-DF99892AD43D}
		{F2AC5DF9-B128-4149-8642-74867FC78D6E} = {FF0560F0-A7CB-4005-91FD-DF99892AD43D}
		{67FA4481-05DA-42CA-A795-2A6CF19A5025} = {F2AC5DF9-B128-4149-8642-74867FC78D6E}
		{1DAD913B-C652-422C-B0E5-6B5910573C75} = {F2AC5DF9-B128-4149-8642-74867FC78D6E}
		{F181356F-75B9-4E38-87EF-D21D07A0BA4F} = {FF0560F0-A7CB-4005-91FD-DF99892AD43D}
		{3A4A31B5-A508-4DB5-A865-A44C265189D1} = {FF0560F0-A7CB-4005-91FD-DF99892AD43D}
		{00FD37C0-906C-4150-BAED-4A5402E4930D} = {3A4A31B5-A508-4DB5-A865-A44C265189D1}
		{5D41D3BB-D351-42AE-8A0A-69A013DA5D0F} = {3A4A31B5-A508-4DB5-A865-A44C265189D1}
		{C7F7F5C9-8C8F-4A24-9170-20DFA7F2C524} = {3A4A31B5-A508-4DB5-A865-A44C265189D1}
		{EE7A6161-4152-4587-8AF3-7C72D2FE117D} = {3A4A31B5-A508-4DB5-A865-A44C265189D1}
		{C7143CD8-D82D-4F5C-AABB-77F1A1FEAD63} = {3A4A31B5-A508-4DB5-A865-A44C265189D1}
		{0E57EE34-4EB8-4411-955D-E8EA87E69CF4} = {3A4A31B5-A508-4DB5-A865-A44C265189D1}
		{58D52E2F-9E8C-447D-80E7-22788B00D084} = {3A4A31B5-A508-4DB5-A865-A44C265189D1}
		{10180758-2C47-43D4-BF1B-87B24DBA2A04} = {3A4A31B5-A508-4DB5-A865-A44C265189D1}
		{BD393B77-9337-49EB-BBD2-3D72FBD383BF} = {3A4A31B5-A508-4DB5-A865-A44C265189D1}
		{B825E8E2-6357-4D60-931A-A2ABA951BBA0} = {3A4A31B5-A508-4DB5-A865-A44C265189D1}
	EndGlobalSection
	GlobalSection(ExtensibilityGlobals) = postSolution
		SolutionGuid = {08682326-8407-4CB4-A36A-470BE042C997}
	EndGlobalSection
EndGlobal
